<?xml version="1.0" encoding="utf-8"?>
<Project ToolsVersion="4.0" xmlns="http://schemas.microsoft.com/developer/msbuild/2003">
  <ItemGroup>
    <LuaToCpp Include="..\..\android\create_build_properties.lua" />
    <LuaToCpp Include="..\..\resources\CoronaPListSupport.lua" />
    <LuaToCpp Include="..\..\..\tools\CoronaBuilder\CoronaBuilder.lua" />
    <ClInclude Include="..\..\shared\jniUtils.h">
      <Filter>%28root%29\platform\shared</Filter>
    </ClInclude>
    <ClInclude Include="..\..\shared\ListKeyStore.h">
      <Filter>%28root%29\platform\shared</Filter>
    </ClInclude>
    <ClInclude Include="..\..\shared\Rtt_WebAppPackager.h">
      <Filter>%28root%29\platform\shared</Filter>
    </ClInclude>
    <ClInclude Include="..\..\shared\AntHost.h">
      <Filter>%28root%29\platform\shared</Filter>
    </ClInclude>
    <ClInclude Include="..\..\shared\Rtt_WebAppPackager.h">
      <Filter>%28root%29\platform\shared</Filter>
    </ClInclude>
    <ClInclude Include="..\..\android\Rtt_AndroidAppPackager.h">
      <Filter>%28root%29\platform\android</Filter>
    </ClInclude>
    <ClInclude Include="..\..\shared\Rtt_PlatformDictionaryWrapper.h">
      <Filter>%28root%29\platform\shared</Filter>
    </ClInclude>
    <ClInclude Include="..\..\shared\Rtt_PlatformObjectWrapper.h">
      <Filter>%28root%29\platform\shared</Filter>
    </ClInclude>
    <ClInclude Include="..\..\shared\Rtt_AndroidSupportTools.h">
      <Filter>%28root%29\platform\shared</Filter>
    </ClInclude>
    <ClInclude Include="..\..\shared\Rtt_Authorization.h">
      <Filter>%28root%29\platform\shared</Filter>
    </ClInclude>
    <ClInclude Include="..\..\shared\Rtt_AuthorizationTicket.h">
      <Filter>%28root%29\platform\shared</Filter>
    </ClInclude>
    <ClInclude Include="..\..\shared\Rtt_DeviceBuildData.h">
      <Filter>%28root%29\platform\shared</Filter>
    </ClInclude>
    <ClInclude Include="..\..\shared\Rtt_MAuthorizationDelegate.h">
      <Filter>%28root%29\platform\shared</Filter>
    </ClInclude>
    <ClInclude Include="..\..\shared\Rtt_MPlatformServices.h">
      <Filter>%28root%29\platform\shared</Filter>
    </ClInclude>
    <ClInclude Include="..\..\shared\Rtt_PlatformAppPackager.h">
      <Filter>%28root%29\platform\shared</Filter>
    </ClInclude>
    <ClInclude Include="..\..\shared\Rtt_PlatformConnection.h">
      <Filter>%28root%29\platform\shared</Filter>
    </ClInclude>
    <ClInclude Include="..\..\shared\Rtt_TargetAndroidAppStore.h">
      <Filter>%28root%29\platform\shared</Filter>
    </ClInclude>
    <ClInclude Include="..\..\shared\Rtt_TargetDevice.h">
      <Filter>%28root%29\platform\shared</Filter>
    </ClInclude>
    <ClInclude Include="..\..\shared\Rtt_WebServicesSession.h">
      <Filter>%28root%29\platform\shared</Filter>
    </ClInclude>
    <ClInclude Include="..\..\..\librtt\Rtt_JavaHost.h">
      <Filter>%28root%29\librtt</Filter>
    </ClInclude>
    <ClInclude Include="..\..\..\external\winutil\BtnST.h">
      <Filter>%28root%29\external\winutil</Filter>
    </ClInclude>
    <ClInclude Include="..\..\..\external\winutil\DirDialog.h">
      <Filter>%28root%29\external\winutil</Filter>
    </ClInclude>
    <ClInclude Include="..\..\..\external\winutil\dirent.h">
      <Filter>%28root%29\external\winutil</Filter>
    </ClInclude>
    <ClInclude Include="..\..\..\external\rcedit\Project\src\rescle.h">
      <Filter>%28root%29\external\rcedit\src</Filter>
    </ClInclude>
    <ClInclude Include="..\..\..\external\winutil\SimpleBrowser.h">
      <Filter>%28root%29\external\winutil</Filter>
    </ClInclude>
    <ClInclude Include="..\..\..\external\sundown\Project\sundown\markdown.h">
      <Filter>%28root%29\external\sundown</Filter>
    </ClInclude>
    <ClInclude Include="..\..\..\external\sundown\Project\sundown\stack.h">
      <Filter>%28root%29\external\sundown</Filter>
    </ClInclude>
    <ClInclude Include="..\..\..\external\sundown\Project\sundown\autolink.h">
      <Filter>%28root%29\external\sundown</Filter>
    </ClInclude>
    <ClInclude Include="..\..\..\external\sundown\Project\sundown\buffer.h">
      <Filter>%28root%29\external\sundown</Filter>
    </ClInclude>
    <ClInclude Include="..\..\..\external\sundown\Project\sundown\houdini.h">
      <Filter>%28root%29\external\sundown</Filter>
    </ClInclude>
    <ClInclude Include="..\..\..\external\sundown\Project\sundown\html.h">
      <Filter>%28root%29\external\sundown</Filter>
    </ClInclude>
    <ClInclude Include="..\..\..\external\sundown\Project\sundown\html_blocks.h">
      <Filter>%28root%29\external\sundown</Filter>
    </ClInclude>
    <LuaToCpp Include="..\..\resources\dkjson.lua" />
    <LuaToCpp Include="..\..\resources\json.lua" />
    <LuaToCpp Include="..\..\resources\webPackageApp.lua" />
    <LuaToCpp Include="..\..\..\external\lpeg\re.lua" />
    <LuaToCpp Include="..\..\..\tools\CoronaBuilder\BuilderPluginDownloader.lua" />
    <LuaToCpp Include="..\..\..\tools\CoronaBuilder\_CoronaSetup_android.lua" />
    <LuaToCpp Include="..\..\resources\linuxPackageApp.lua" />
  </ItemGroup>
  <ItemGroup>
    <ClCompile Include="main.cpp" />
    <ClCompile Include="..\..\..\tools\CoronaBuilder\Rtt_AppPackagerFactory.cpp" />
    <ClCompile Include="..\..\..\tools\CoronaBuilder\Rtt_BuildParams.cpp" />
    <ClCompile Include="..\..\..\tools\CoronaBuilder\Rtt_ConsoleAuthorizationDelegate.cpp" />
    <ClCompile Include="..\..\..\tools\CoronaBuilder\Rtt_CoronaBuilder.cpp" />
    <ClCompile Include="stdafx.cpp" />
    <ClCompile Include="..\..\shared\ListKeyStore.cpp">
      <Filter>%28root%29\platform\shared</Filter>
    </ClCompile>
    <ClCompile Include="..\..\shared\AntHost.cpp">
      <Filter>%28root%29\platform\shared</Filter>
    </ClCompile>
    <ClCompile Include="..\..\shared\Rtt_WebAppPackager.cpp">
      <Filter>%28root%29\platform\shared</Filter>
    </ClCompile>
    <ClCompile Include="..\..\android\Rtt_AndroidAppPackager.cpp">
      <Filter>%28root%29\platform\android</Filter>
    </ClCompile>
    <ClCompile Include="..\..\shared\Rtt_PlatformDictionaryWrapper.cpp">
      <Filter>%28root%29\platform\shared</Filter>
    </ClCompile>
    <ClCompile Include="..\..\shared\Rtt_PlatformObjectWrapper.cpp">
      <Filter>%28root%29\platform\shared</Filter>
    </ClCompile>
    <ClCompile Include="..\..\shared\Rtt_AndroidSupportTools.c">
      <Filter>%28root%29\platform\shared</Filter>
    </ClCompile>
    <ClCompile Include="..\..\shared\Rtt_Authorization.cpp">
      <Filter>%28root%29\platform\shared</Filter>
    </ClCompile>
    <ClCompile Include="..\..\shared\Rtt_AuthorizationTicket.cpp">
      <Filter>%28root%29\platform\shared</Filter>
    </ClCompile>
    <ClCompile Include="..\..\shared\Rtt_DeviceBuildData.cpp">
      <Filter>%28root%29\platform\shared</Filter>
    </ClCompile>
    <ClCompile Include="..\..\shared\Rtt_PlatformAppPackager.cpp">
      <Filter>%28root%29\platform\shared</Filter>
    </ClCompile>
    <ClCompile Include="..\..\shared\Rtt_PlatformConnection.cpp">
      <Filter>%28root%29\platform\shared</Filter>
    </ClCompile>
    <ClCompile Include="..\..\shared\Rtt_TargetDevice.cpp">
      <Filter>%28root%29\platform\shared</Filter>
    </ClCompile>
    <ClCompile Include="..\..\shared\Rtt_WebServicesSession.cpp">
      <Filter>%28root%29\platform\shared</Filter>
    </ClCompile>
    <ClCompile Include="..\..\shared\Rtt_TargetAndroidAppStore.cpp">
      <Filter>%28root%29\platform\shared</Filter>
    </ClCompile>
    <ClCompile Include="..\..\..\librtt\Rtt_JavaHost.cpp">
      <Filter>%28root%29\librtt</Filter>
    </ClCompile>
    <ClCompile Include="..\..\..\external\winutil\BtnST.cpp">
      <Filter>%28root%29\external\winutil</Filter>
    </ClCompile>
    <ClCompile Include="..\..\..\external\winutil\DirDialog.cpp">
      <Filter>%28root%29\external\winutil</Filter>
    </ClCompile>
    <ClCompile Include="..\..\..\external\rcedit\Project\src\rescle.cc">
      <Filter>%28root%29\external\rcedit\src</Filter>
    </ClCompile>
    <ClCompile Include="..\..\..\external\winutil\SimpleBrowser.cpp">
      <Filter>%28root%29\external\winutil</Filter>
    </ClCompile>
    <ClCompile Include="..\..\..\external\sundown\Project\sundown\html_smartypants.c">
      <Filter>%28root%29\external\sundown</Filter>
    </ClCompile>
    <ClCompile Include="..\..\..\external\sundown\Project\sundown\markdown.c">
      <Filter>%28root%29\external\sundown</Filter>
    </ClCompile>
    <ClCompile Include="..\..\..\external\sundown\Project\sundown\stack.c">
      <Filter>%28root%29\external\sundown</Filter>
    </ClCompile>
    <ClCompile Include="..\..\..\external\sundown\Project\sundown\autolink.c">
      <Filter>%28root%29\external\sundown</Filter>
    </ClCompile>
    <ClCompile Include="..\..\..\external\sundown\Project\sundown\buffer.c">
      <Filter>%28root%29\external\sundown</Filter>
    </ClCompile>
    <ClCompile Include="..\..\..\external\sundown\Project\sundown\houdini_href_e.c">
      <Filter>%28root%29\external\sundown</Filter>
    </ClCompile>
    <ClCompile Include="..\..\..\external\sundown\Project\sundown\houdini_html_e.c">
      <Filter>%28root%29\external\sundown</Filter>
    </ClCompile>
    <ClCompile Include="..\..\..\external\sundown\Project\sundown\html.c">
      <Filter>%28root%29\external\sundown</Filter>
    </ClCompile>
    <ClCompile Include="..\Corona.Simulator\Rtt\Rtt_WinConnection.cpp" />
    <ClCompile Include="..\Corona.Simulator\Rtt\Rtt_WinDictionaryWrapper.cpp" />
    <ClCompile Include="..\..\..\tools\car\Rtt_Car.cpp" />
    <ClCompile Include="..\..\..\librtt\Rtt_Archive.cpp" />
    <ClCompile Include="..\..\..\librtt\Core\Rtt_FileSystem.cpp" />
    <ClCompile Include="..\..\..\librtt\Core\Rtt_String.cpp" />
    <ClCompile Include="..\..\..\external\rsa\prime.cpp" />
    <ClCompile Include="..\..\..\external\rsa\rsa.cpp" />
    <ClCompile Include="..\..\..\external\rsa\vlong.cpp" />
    <ClCompile Include="..\..\..\external\rsa\vlong_io.cpp" />
    <ClCompile Include="..\..\..\librtt\Core\Rtt_ResourceHandle.cpp" />
    <ClCompile Include="..\..\..\librtt\Core\Rtt_Allocator.cpp" />
    <ClCompile Include="..\..\..\librtt\Core\Rtt_RefCount.cpp" />
    <ClCompile Include="..\..\..\librtt\Rtt_Lua.cpp" />
    <ClCompile Include="..\..\..\librtt\Corona\CoronaLog.c" />
    <ClCompile Include="..\..\..\external\lpeg\lpeg.c" />
    <ClCompile Include="..\..\..\external\luafilesystem\src\lfs.c" />
    <ClCompile Include="..\..\..\librtt\Core\Rtt_VersionTimestamp.c" />
    <ClCompile Include="..\..\..\librtt\Core\Rtt_Time.c" />
    <ClCompile Include="..\..\..\external\hmac\hmac_sha2.c" />
    <ClCompile Include="..\..\..\external\hmac\sha2.c" />
    <ClCompile Include="..\..\..\librtt\Display\Rtt_PlatformBitmap.cpp" />
    <ClCompile Include="..\..\..\librtt\Corona\CoronaLua.cpp" />
    <ClCompile Include="..\..\..\librtt\Core\Rtt_Math.c" />
    <ClCompile Include="..\Corona.Native.Library.Win32\WinString.cpp" />
    <ClCompile Include="..\Corona.Native.Library.Win32\WinFile.cpp" />
    <ClCompile Include="..\..\..\tools\app_sign\Rtt_AppSign.cpp" />
    <ClCompile Include="..\..\..\tools\CoronaBuilder\Rtt_AppPackagerAndroidFactory.cpp" />
    <ClCompile Include="..\..\..\tools\CoronaBuilder\Rtt_AppPackagerHTML5Factory.cpp" />
    <ClCompile Include="..\..\..\tools\CoronaBuilder\Rtt_WinConsolePlatform.cpp" />
    <ClCompile Include="..\..\..\tools\CoronaBuilder\Rtt_WinConsoleDevice.cpp" />
    <ClCompile Include="..\..\..\librtt\Input\Rtt_PlatformInputDeviceManager.cpp">
      <Filter>Rtt</Filter>
    </ClCompile>
    <ClCompile Include="..\..\..\librtt\Input\Rtt_InputAxisCollection.cpp">
      <Filter>Rtt</Filter>
    </ClCompile>
    <ClCompile Include="..\..\..\librtt\Input\Rtt_InputAxisDescriptor.cpp">
      <Filter>Rtt</Filter>
    </ClCompile>
    <ClCompile Include="..\..\..\librtt\Input\Rtt_InputAxisType.cpp">
      <Filter>Rtt</Filter>
    </ClCompile>
    <ClCompile Include="..\..\..\librtt\Input\Rtt_InputDeviceCollection.cpp">
      <Filter>Rtt</Filter>
    </ClCompile>
    <ClCompile Include="..\..\..\librtt\Input\Rtt_InputDeviceConnectionState.cpp">
      <Filter>Rtt</Filter>
    </ClCompile>
    <ClCompile Include="..\..\..\librtt\Input\Rtt_InputDeviceDescriptor.cpp">
      <Filter>Rtt</Filter>
    </ClCompile>
    <ClCompile Include="..\..\..\librtt\Input\Rtt_InputDeviceType.cpp">
      <Filter>Rtt</Filter>
    </ClCompile>
    <ClCompile Include="..\..\..\librtt\Input\Rtt_PlatformInputAxis.cpp">
      <Filter>Rtt</Filter>
    </ClCompile>
    <ClCompile Include="..\..\..\librtt\Input\Rtt_PlatformInputDevice.cpp">
      <Filter>Rtt</Filter>
    </ClCompile>
    <ClCompile Include="..\..\..\librtt\Input\Rtt_ReadOnlyInputAxisCollection.cpp">
      <Filter>Rtt</Filter>
    </ClCompile>
    <ClCompile Include="..\..\..\librtt\Input\Rtt_ReadOnlyInputDeviceCollection.cpp">
      <Filter>Rtt</Filter>
    </ClCompile>
    <ClCompile Include="..\..\..\librtt\Core\Rtt_AutoResource.cpp">
      <Filter>Rtt</Filter>
    </ClCompile>
    <ClCompile Include="..\Corona.Native.Library.Win32\Rtt\Rtt_WinCrypto.cpp">
      <Filter>Rtt</Filter>
    </ClCompile>
    <ClCompile Include="..\Corona.Simulator\Rtt\Rtt_WinPlatformServices.cpp">
      <Filter>Rtt</Filter>
    </ClCompile>
    <ClCompile Include="..\Corona.Simulator\Rtt\Rtt_Win32AppPackager.cpp" />
    <ClCompile Include="..\Corona.Simulator\Rtt\Rtt_Win32AppPackagerParams.cpp" />
    <ClCompile Include="..\..\..\tools\CoronaBuilder\Rtt_AppPackagerWin32Factory.cpp" />
    <ClCompile Include="..\..\..\librtt\Core\Rtt_Array.cpp">
      <Filter>%28root%29\librtt</Filter>
    </ClCompile>
    <ClCompile Include="..\..\..\librtt\Core\Rtt_Assert.c">
      <Filter>%28root%29\librtt</Filter>
    </ClCompile>
    <ClCompile Include="..\..\..\librtt\Core\Rtt_MD4.c" />
    <ClCompile Include="..\..\..\librtt\Core\Rtt_MessageDigest.cpp" />
    <ClCompile Include="..\..\..\librtt\Rtt_Message.cpp" />
    <ClCompile Include="..\..\..\librtt\Core\Rtt_OperationResult.cpp" />
    <ClCompile Include="..\..\..\librtt\Rtt_PreferenceValue.cpp" />
    <ClCompile Include="..\..\..\librtt\Rtt_Preference.cpp" />
    <ClCompile Include="..\..\..\librtt\Rtt_PreferenceCollection.cpp" />
    <ClCompile Include="..\..\..\librtt\Core\Rtt_UseCount.cpp" />
    <ClCompile Include="..\..\..\librtt\Core\Rtt_WeakCount.cpp" />
    <ClCompile Include="..\..\..\librtt\Core\Rtt_SharedCount.cpp" />
    <ClCompile Include="..\..\..\tools\CoronaBuilder\Rtt_CoronaBuilderSplashControl.cpp" />
    <ClCompile Include="..\..\..\tools\CoronaBuilder\Rtt_DownloadPluginsMain.cpp" />
    <ClCompile Include="..\..\..\tools\CoronaBuilder\Rtt_LuaLibBuilder.cpp" />
    <ClCompile Include="..\Corona.Native.Library.Win32\Interop\Ipc\CommandLineRunResult.cpp">
      <Filter>Interop</Filter>
    </ClCompile>
    <ClCompile Include="..\Corona.Native.Library.Win32\Interop\OperationResult.cpp">
      <Filter>Interop</Filter>
    </ClCompile>
    <ClCompile Include="..\Corona.Native.Library.Win32\Interop\Ipc\CommandLineRunner.cpp">
      <Filter>Interop</Filter>
    </ClCompile>
    <ClCompile Include="..\Corona.Native.Library.Win32\Interop\Ipc\CommandLine.cpp">
      <Filter>Interop</Filter>
    </ClCompile>
    <ClCompile Include="..\..\..\tools\CoronaBuilder\Rtt_AppPackagerLinuxFactory.cpp" />
    <ClCompile Include="..\..\shared\Rtt_LinuxAppPackager.cpp">
      <Filter>%28root%29\platform\shared</Filter>
    </ClCompile>
  </ItemGroup>
  <ItemGroup>
    <ClInclude Include="..\..\..\tools\CoronaBuilder\Rtt_AppPackagerFactory.h" />
    <ClInclude Include="..\..\..\tools\CoronaBuilder\Rtt_BuildParams.h" />
    <ClInclude Include="..\..\..\tools\CoronaBuilder\Rtt_ConsoleAuthorizationDelegate.h" />
    <ClInclude Include="..\..\..\tools\CoronaBuilder\Rtt_CoronaBuilder.h" />
    <Filter Include="%28root%29">
      <UniqueIdentifier>{7fbc2e32-fbde-43fa-84d1-74fd12385fd0}</UniqueIdentifier>
    </Filter>
    <Filter Include="%28root%29\external">
      <UniqueIdentifier>{64696a94-3221-49f4-a14e-59befcc66a1e}</UniqueIdentifier>
    </Filter>
    <Filter Include="%28root%29\external\winutil">
      <UniqueIdentifier>{91769ba5-a9af-400f-a417-5e864770b8d6}</UniqueIdentifier>
    </Filter>
    <Filter Include="%28root%29\platform">
      <UniqueIdentifier>{a4c6cdb8-f3eb-4da4-a53a-98a0afe12497}</UniqueIdentifier>
    </Filter>
    <Filter Include="%28root%29\platform\shared">
      <UniqueIdentifier>{bab6c157-27db-491b-827a-b3dc41580654}</UniqueIdentifier>
    </Filter>
    <Filter Include="%28root%29\platform\android">
      <UniqueIdentifier>{a39f2d63-9aba-4f90-8b65-72b82ce6f706}</UniqueIdentifier>
    </Filter>
    <Filter Include="%28root%29\librtt">
      <UniqueIdentifier>{0477e90a-ea8b-464f-8754-cc9a5305da5e}</UniqueIdentifier>
    </Filter>
    <Filter Include="%28root%29\modules">
      <UniqueIdentifier>{bc4b6c38-8d30-41ce-8ce1-a6f431d8a80c}</UniqueIdentifier>
    </Filter>
    <Filter Include="%28root%29\modules\simulator">
      <UniqueIdentifier>{90fe7d76-1dc6-4a1d-be15-74e62a087ac3}</UniqueIdentifier>
    </Filter>
    <Filter Include="%28root%29\platform\resources">
      <UniqueIdentifier>{9243bb47-2a89-4f5d-bebd-8c464dc40021}</UniqueIdentifier>
    </Filter>
    <Filter Include="Rtt">
      <UniqueIdentifier>{5ccb6c77-76dc-4b5f-bfae-d12dbd5fb9dd}</UniqueIdentifier>
    </Filter>
    <Filter Include="Interop">
      <UniqueIdentifier>{1c3c8cef-6d13-45db-9ba2-e910f23b8812}</UniqueIdentifier>
    </Filter>
    <Filter Include="%28root%29\external\rcedit">
      <UniqueIdentifier>{4f24b871-2ae8-4490-b023-0a9f244210c5}</UniqueIdentifier>
    </Filter>
    <Filter Include="%28root%29\external\rcedit\src">
      <UniqueIdentifier>{ed043c10-6e2d-426f-9634-9e56f5a80a2a}</UniqueIdentifier>
    </Filter>
    <Filter Include="%28root%29\external\sundown">
      <UniqueIdentifier>{260bec18-9ab4-496f-9d0f-94181a059933}</UniqueIdentifier>
    </Filter>
    <ClInclude Include="Resource.h" />
    <ClInclude Include="stdafx.h" />
    <ClInclude Include="..\Corona.Simulator\Rtt\Rtt_WinConnection.h" />
    <ClInclude Include="..\Corona.Simulator\Rtt\Rtt_WinDictionaryWrapper.h" />
    <ClInclude Include="..\..\..\tools\car\Rtt_Car.h" />
    <ClInclude Include="..\..\..\librtt\Rtt_Archive.h" />
    <ClInclude Include="..\..\..\librtt\Core\Rtt_FileSystem.h" />
    <ClInclude Include="..\..\..\librtt\Core\Rtt_String.h" />
    <ClInclude Include="..\..\..\external\rsa\prime.hpp" />
    <ClInclude Include="..\..\..\external\rsa\rsa.hpp" />
    <ClInclude Include="..\..\..\external\rsa\vlong.hpp" />
    <ClInclude Include="..\..\..\external\rsa\vlong_io.h" />
    <ClInclude Include="..\..\..\librtt\Core\Rtt_ResourceHandle.h" />
    <ClInclude Include="..\..\..\librtt\Core\Rtt_Allocator.h" />
    <ClInclude Include="..\..\..\librtt\Core\Rtt_RefCount.h" />
    <ClInclude Include="..\..\..\librtt\Rtt_Lua.h" />
    <ClInclude Include="..\..\..\librtt\Corona\CoronaLog.h" />
    <ClInclude Include="..\..\..\external\lpeg\lpeg.h" />
    <ClInclude Include="..\..\..\external\luafilesystem\src\lfs.h" />
    <ClInclude Include="..\..\..\librtt\Core\Rtt_VersionTimestamp.h" />
    <ClInclude Include="..\..\..\librtt\Core\Rtt_Time.h" />
    <ClInclude Include="..\..\..\external\hmac\hmac_sha2.h" />
    <ClInclude Include="..\..\..\external\hmac\sha2.h" />
    <ClInclude Include="..\..\..\librtt\Display\Rtt_PlatformBitmap.h" />
    <ClInclude Include="..\..\..\librtt\Corona\CoronaLua.h" />
    <ClInclude Include="..\..\..\librtt\Core\Rtt_Math.h" />
    <ClInclude Include="..\Corona.Native.Library.Win32\WinString.h" />
    <ClInclude Include="..\Corona.Native.Library.Win32\WinFile.h" />
    <ClInclude Include="..\..\..\tools\app_sign\Rtt_AppSign.h" />
    <ClInclude Include="..\..\..\tools\CoronaBuilder\Rtt_WinConsolePlatform.h" />
    <ClInclude Include="..\..\..\tools\CoronaBuilder\Rtt_WinConsoleDevice.h" />
    <ClInclude Include="..\..\..\librtt\Input\Rtt_PlatformInputDeviceManager.h">
      <Filter>Rtt</Filter>
    </ClInclude>
    <ClInclude Include="..\..\..\librtt\Input\Rtt_InputAxisCollection.h">
      <Filter>Rtt</Filter>
    </ClInclude>
    <ClInclude Include="..\..\..\librtt\Input\Rtt_InputAxisDescriptor.h">
      <Filter>Rtt</Filter>
    </ClInclude>
    <ClInclude Include="..\..\..\librtt\Input\Rtt_InputAxisType.h">
      <Filter>Rtt</Filter>
    </ClInclude>
    <ClInclude Include="..\..\..\librtt\Input\Rtt_InputDeviceCollection.h">
      <Filter>Rtt</Filter>
    </ClInclude>
    <ClInclude Include="..\..\..\librtt\Input\Rtt_InputDeviceConnectionState.h">
      <Filter>Rtt</Filter>
    </ClInclude>
    <ClInclude Include="..\..\..\librtt\Input\Rtt_InputDeviceDescriptor.h">
      <Filter>Rtt</Filter>
    </ClInclude>
    <ClInclude Include="..\..\..\librtt\Input\Rtt_InputDeviceType.h">
      <Filter>Rtt</Filter>
    </ClInclude>
    <ClInclude Include="..\..\..\librtt\Input\Rtt_PlatformInputAxis.h">
      <Filter>Rtt</Filter>
    </ClInclude>
    <ClInclude Include="..\..\..\librtt\Input\Rtt_PlatformInputDevice.h">
      <Filter>Rtt</Filter>
    </ClInclude>
    <ClInclude Include="..\..\..\librtt\Input\Rtt_ReadOnlyInputAxisCollection.h">
      <Filter>Rtt</Filter>
    </ClInclude>
    <ClInclude Include="..\..\..\librtt\Input\Rtt_ReadOnlyInputDeviceCollection.h">
      <Filter>Rtt</Filter>
    </ClInclude>
    <ClInclude Include="..\..\..\librtt\Core\Rtt_AutoResource.h">
      <Filter>Rtt</Filter>
    </ClInclude>
    <ClInclude Include="..\..\..\librtt\Rtt_MPlatformDevice.h">
      <Filter>Rtt</Filter>
    </ClInclude>
    <ClInclude Include="..\Corona.Native.Library.Win32\Rtt\Rtt_WinCrypto.h">
      <Filter>Rtt</Filter>
    </ClInclude>
    <ClInclude Include="..\Corona.Simulator\Rtt\Rtt_WinPlatformServices.h">
      <Filter>Rtt</Filter>
    </ClInclude>
    <ClInclude Include="..\Corona.Simulator\Rtt\Rtt_Win32AppPackager.h" />
    <ClInclude Include="..\Corona.Simulator\Rtt\Rtt_Win32AppPackagerParams.h" />
    <ClInclude Include="..\..\..\librtt\Core\Rtt_Array.h">
      <Filter>%28root%29\librtt</Filter>
    </ClInclude>
    <ClInclude Include="..\..\..\librtt\Core\Rtt_Assert.h">
      <Filter>%28root%29\librtt</Filter>
    </ClInclude>
    <ClInclude Include="..\..\..\librtt\Core\Rtt_MD4.h" />
    <ClInclude Include="..\..\..\librtt\Core\Rtt_MessageDigest.h" />
    <ClInclude Include="..\..\..\librtt\Rtt_Message.h" />
    <ClInclude Include="..\..\..\librtt\Core\Rtt_OperationResult.h" />
    <ClInclude Include="..\..\..\librtt\Core\Rtt_ValueResult.h" />
    <ClInclude Include="..\..\..\librtt\Rtt_PreferenceCollection.h" />
    <ClInclude Include="..\..\..\librtt\Rtt_PreferenceValue.h" />
    <ClInclude Include="..\..\..\librtt\Rtt_Preference.h" />
    <ClInclude Include="..\..\..\librtt\Core\Rtt_SharedCountImpl.h" />
    <ClInclude Include="..\..\..\librtt\Core\Rtt_SharedPtr.h" />
    <ClInclude Include="..\..\..\librtt\Core\Rtt_SharedStringPtr.h" />
    <ClInclude Include="..\..\..\librtt\Core\Rtt_UseCount.h" />
    <ClInclude Include="..\..\..\librtt\Core\Rtt_WeakCount.h" />
    <ClInclude Include="..\..\..\librtt\Core\Rtt_WeakPtr.h" />
    <ClInclude Include="..\..\..\librtt\Core\Rtt_SharedCount.h" />
    <ClInclude Include="..\..\..\tools\CoronaBuilder\Rtt_CoronaBuilderSplashControl.h" />
    <ClInclude Include="..\..\..\tools\CoronaBuilder\Rtt_DownloadPluginsMain.h" />
    <ClInclude Include="..\..\..\tools\CoronaBuilder\Rtt_LuaLibBuilder.h" />
    <ClInclude Include="..\Corona.Native.Library.Win32\Interop\Ipc\CommandLineRunResult.h">
      <Filter>Interop</Filter>
    </ClInclude>
    <ClInclude Include="..\Corona.Native.Library.Win32\Interop\OperationResult.h">
      <Filter>Interop</Filter>
    </ClInclude>
    <ClInclude Include="..\Corona.Native.Library.Win32\Interop\Ipc\CommandLineRunner.h">
      <Filter>Interop</Filter>
    </ClInclude>
    <ClInclude Include="..\Corona.Native.Library.Win32\Interop\Ipc\CommandLine.h">
      <Filter>Interop</Filter>
    </ClInclude>
    <ClInclude Include="..\..\shared\Rtt_LinuxAppPackager.h">
      <Filter>%28root%29\platform\shared</Filter>
    </ClInclude>
  </ItemGroup>
  <ItemGroup>
    <None Include="..\..\..\external\luafilesystem\src\lfs.def" />
  </ItemGroup>
</Project>