
Microsoft Visual Studio Solution File, Format Version 12.00
# Visual Studio 2013
VisualStudioVersion = 12.0.40629.0
MinimumVisualStudioVersion = 10.0.40219.1
Project("{FAE04EC0-301F-11D3-BF4B-00C04F79EFBC}") = "Corona.AppTemplate.Phone8.0", "Corona.AppTemplate.Phone8.0\Corona.AppTemplate.Phone8.0.csproj", "{9C0E37E5-C640-48FA-A476-4E7E9C145E57}"
EndProject
Project("{8BC9CEB8-8B4A-11D0-8D11-00A0C91BC942}") = "Lua.Library.Phone8.0", "Lua.Library\Lua.Library.Phone8.0.vcxproj", "{EBDFB2F7-A6C9-46D9-A1C9-93A7A35240F2}"
EndProject
Project("{8BC9CEB8-8B4A-11D0-8D11-00A0C91BC942}") = "Lua.Library.Win32", "Lua.Library\Lua.Library.Win32.vcxproj", "{D0ADD46C-58EE-41AF-8E62-BAB080D7CE21}"
EndProject
Project("{8BC9CEB8-8B4A-11D0-8D11-00A0C91BC942}") = "Lua.Console", "Lua.Console\Lua.Console.vcxproj", "{50977859-079E-4375-9B3F-BD598E6F7463}"
EndProject
Project("{8BC9CEB8-8B4A-11D0-8D11-00A0C91BC942}") = "Lua.Compiler", "Lua.Compiler\Lua.Compiler.vcxproj", "{511AE85E-6A1E-4830-BEF1-F695B2855B47}"
EndProject
Project("{8BC9CEB8-8B4A-11D0-8D11-00A0C91BC942}") = "LPeg.Library.Phone8.0", "LPeg.Library\LPeg.Library.Phone8.0.vcxproj", "{F289EA72-8695-4399-8D5A-254F6D867A98}"
EndProject
Project("{8BC9CEB8-8B4A-11D0-8D11-00A0C91BC942}") = "Box2D.Library.Phone8.0", "Box2D.Library\Box2D.Library.Phone8.0.vcxproj", "{D0D79C4A-1221-4765-BAB7-FE69E3D3982E}"
EndProject
Project("{8BC9CEB8-8B4A-11D0-8D11-00A0C91BC942}") = "SQLite.Library.Phone8.0", "SQLite.Library\SQLite.Library.Phone8.0.vcxproj", "{0F70B0CB-DA0E-4451-B67B-2849D90AB710}"
EndProject
Project("{8BC9CEB8-8B4A-11D0-8D11-00A0C91BC942}") = "Corona.Rtt.Library.Phone8.0", "Corona.Rtt.Library\Corona.Rtt.Library.Phone8.0.vcxproj", "{A49F45C7-3AED-44A2-BDE1-D6D0CB991790}"
	ProjectSection(ProjectDependencies) = postProject
		{511AE85E-6A1E-4830-BEF1-F695B2855B47} = {511AE85E-6A1E-4830-BEF1-F695B2855B47}
	EndProjectSection
EndProject
Project("{8BC9CEB8-8B4A-11D0-8D11-00A0C91BC942}") = "Corona.Component.Library.Phone8.0", "Corona.Component.Library\Corona.Component.Library.Phone8.0.vcxproj", "{049A444A-BCD8-4CBF-B6BF-B2D9B576283B}"
EndProject
Project("{8BC9CEB8-8B4A-11D0-8D11-00A0C91BC942}") = "Pthreads.Library.Phone8.0", "Pthreads.Library.WinRT\Pthreads.Library.Phone8.0.vcxproj", "{1DF0457F-0F56-4051-B706-8D9562F48C44}"
EndProject
Project("{2150E333-8FDC-42A3-9474-1A3956D46DE8}") = "Build.Tools", "Build.Tools", "{C046B550-439A-4721-AD26-63032C1ABAF9}"
	ProjectSection(SolutionItems) = preProject
		Build.Tools\CoronaLabsInc.Sign.bat = Build.Tools\CoronaLabsInc.Sign.bat
		Build.Tools\CreateSDKReferenceDirectory.vbs = Build.Tools\CreateSDKReferenceDirectory.vbs
		Build.Tools\LuaKernelGlslToCso.lua = Build.Tools\LuaKernelGlslToCso.lua
		Build.Tools\LuaToCppFile.bat = Build.Tools\LuaToCppFile.bat
		Build.Tools\LuaToCppSchema.xml = Build.Tools\LuaToCppSchema.xml
		Build.Tools\LuaToCppTask.targets = Build.Tools\LuaToCppTask.targets
		Build.Tools\UpdateProjectFileVersion.vbs = Build.Tools\UpdateProjectFileVersion.vbs
	EndProjectSection
EndProject
Project("{FAE04EC0-301F-11D3-BF4B-00C04F79EFBC}") = "Corona.DotNet.Library.Phone8.0", "Corona.DotNet.Library\Corona.DotNet.Library.Phone8.0.csproj", "{FF5D1A03-D42F-4C96-BDDD-3DCF272A1BAB}"
EndProject
Project("{8BC9CEB8-8B4A-11D0-8D11-00A0C91BC942}") = "Corona.Archiver", "Corona.Archiver\Corona.Archiver.vcxproj", "{7D790153-1892-4007-8FA5-E3B57CF1F7E2}"
EndProject
Project("{8BC9CEB8-8B4A-11D0-8D11-00A0C91BC942}") = "OpenAL.Library.Phone8.0", "OpenAL.Library.WinRT\OpenAL.Library.Phone8.0.vcxproj", "{9542A963-6DC2-4636-8FE6-F296158C458D}"
EndProject
Project("{8BC9CEB8-8B4A-11D0-8D11-00A0C91BC942}") = "ALmixer.Library.Phone8.0", "ALmixer.Library\ALmixer.Library.Phone8.0.vcxproj", "{30AE6557-8E40-42BA-8E3E-343166A3BDBD}"
EndProject
Project("{8BC9CEB8-8B4A-11D0-8D11-00A0C91BC942}") = "Ogg.Tremor.Library.Phone8.0", "Ogg.Tremor.Library\Ogg.Tremor.Library.Phone8.0.vcxproj", "{1BDE6295-04DD-4FEB-9F6B-C9161EB57582}"
EndProject
Project("{8BC9CEB8-8B4A-11D0-8D11-00A0C91BC942}") = "Lua.Socket.Library.Phone8.0", "Lua.Socket.Library\Lua.Socket.Library.Phone8.0.vcxproj", "{714B4E82-174E-488B-A702-DEB540E0A733}"
	ProjectSection(ProjectDependencies) = postProject
		{50977859-079E-4375-9B3F-BD598E6F7463} = {50977859-079E-4375-9B3F-BD598E6F7463}
		{511AE85E-6A1E-4830-BEF1-F695B2855B47} = {511AE85E-6A1E-4830-BEF1-F695B2855B47}
	EndProjectSection
EndProject
Project("{FAE04EC0-301F-11D3-BF4B-00C04F79EFBC}") = "Corona.Controls.DotNet.Library.Phone8.0", "Corona.Controls.DotNet.Library.Phone8.0\Corona.Controls.DotNet.Library.Phone8.0.csproj", "{EB996457-0834-4D9A-A5B7-1C79B812BED0}"
EndProject
Project("{8BC9CEB8-8B4A-11D0-8D11-00A0C91BC942}") = "CryptoPP.Library.Phone8.0", "CryptoPP.Library\CryptoPP.Library.Phone8.0.vcxproj", "{1E75F7E7-0930-4B06-9C44-8D1221E9E956}"
EndProject
Global
	GlobalSection(SolutionConfigurationPlatforms) = preSolution
		Debug|Any CPU = Debug|Any CPU
		Debug|ARM = Debug|ARM
		Debug|Mixed Platforms = Debug|Mixed Platforms
		Debug|Win32 = Debug|Win32
		Debug|x86 = Debug|x86
		Release|Any CPU = Release|Any CPU
		Release|ARM = Release|ARM
		Release|Mixed Platforms = Release|Mixed Platforms
		Release|Win32 = Release|Win32
		Release|x86 = Release|x86
	EndGlobalSection
	GlobalSection(ProjectConfigurationPlatforms) = postSolution
		{9C0E37E5-C640-48FA-A476-4E7E9C145E57}.Debug|Any CPU.ActiveCfg = Debug|Any CPU
		{9C0E37E5-C640-48FA-A476-4E7E9C145E57}.Debug|Any CPU.Build.0 = Debug|Any CPU
		{9C0E37E5-C640-48FA-A476-4E7E9C145E57}.Debug|Any CPU.Deploy.0 = Debug|Any CPU
		{9C0E37E5-C640-48FA-A476-4E7E9C145E57}.Debug|ARM.ActiveCfg = Debug|ARM
		{9C0E37E5-C640-48FA-A476-4E7E9C145E57}.Debug|ARM.Build.0 = Debug|ARM
		{9C0E37E5-C640-48FA-A476-4E7E9C145E57}.Debug|ARM.Deploy.0 = Debug|ARM
		{9C0E37E5-C640-48FA-A476-4E7E9C145E57}.Debug|Mixed Platforms.ActiveCfg = Debug|x86
		{9C0E37E5-C640-48FA-A476-4E7E9C145E57}.Debug|Mixed Platforms.Build.0 = Debug|x86
		{9C0E37E5-C640-48FA-A476-4E7E9C145E57}.Debug|Mixed Platforms.Deploy.0 = Debug|x86
		{9C0E37E5-C640-48FA-A476-4E7E9C145E57}.Debug|Win32.ActiveCfg = Debug|x86
		{9C0E37E5-C640-48FA-A476-4E7E9C145E57}.Debug|Win32.Build.0 = Debug|x86
		{9C0E37E5-C640-48FA-A476-4E7E9C145E57}.Debug|Win32.Deploy.0 = Debug|x86
		{9C0E37E5-C640-48FA-A476-4E7E9C145E57}.Debug|x86.ActiveCfg = Debug|x86
		{9C0E37E5-C640-48FA-A476-4E7E9C145E57}.Debug|x86.Build.0 = Debug|x86
		{9C0E37E5-C640-48FA-A476-4E7E9C145E57}.Debug|x86.Deploy.0 = Debug|x86
		{9C0E37E5-C640-48FA-A476-4E7E9C145E57}.Release|Any CPU.ActiveCfg = Release|Any CPU
		{9C0E37E5-C640-48FA-A476-4E7E9C145E57}.Release|Any CPU.Build.0 = Release|Any CPU
		{9C0E37E5-C640-48FA-A476-4E7E9C145E57}.Release|Any CPU.Deploy.0 = Release|Any CPU
		{9C0E37E5-C640-48FA-A476-4E7E9C145E57}.Release|ARM.ActiveCfg = Release|ARM
		{9C0E37E5-C640-48FA-A476-4E7E9C145E57}.Release|ARM.Build.0 = Release|ARM
		{9C0E37E5-C640-48FA-A476-4E7E9C145E57}.Release|ARM.Deploy.0 = Release|ARM
		{9C0E37E5-C640-48FA-A476-4E7E9C145E57}.Release|Mixed Platforms.ActiveCfg = Release|x86
		{9C0E37E5-C640-48FA-A476-4E7E9C145E57}.Release|Mixed Platforms.Build.0 = Release|x86
		{9C0E37E5-C640-48FA-A476-4E7E9C145E57}.Release|Mixed Platforms.Deploy.0 = Release|x86
		{9C0E37E5-C640-48FA-A476-4E7E9C145E57}.Release|Win32.ActiveCfg = Release|x86
		{9C0E37E5-C640-48FA-A476-4E7E9C145E57}.Release|Win32.Build.0 = Release|x86
		{9C0E37E5-C640-48FA-A476-4E7E9C145E57}.Release|Win32.Deploy.0 = Release|x86
		{9C0E37E5-C640-48FA-A476-4E7E9C145E57}.Release|x86.ActiveCfg = Release|x86
		{9C0E37E5-C640-48FA-A476-4E7E9C145E57}.Release|x86.Build.0 = Release|x86
		{9C0E37E5-C640-48FA-A476-4E7E9C145E57}.Release|x86.Deploy.0 = Release|x86
		{EBDFB2F7-A6C9-46D9-A1C9-93A7A35240F2}.Debug|Any CPU.ActiveCfg = Debug|Win32
		{EBDFB2F7-A6C9-46D9-A1C9-93A7A35240F2}.Debug|ARM.ActiveCfg = Debug|ARM
		{EBDFB2F7-A6C9-46D9-A1C9-93A7A35240F2}.Debug|ARM.Build.0 = Debug|ARM
		{EBDFB2F7-A6C9-46D9-A1C9-93A7A35240F2}.Debug|Mixed Platforms.ActiveCfg = Debug|Win32
		{EBDFB2F7-A6C9-46D9-A1C9-93A7A35240F2}.Debug|Mixed Platforms.Build.0 = Debug|Win32
		{EBDFB2F7-A6C9-46D9-A1C9-93A7A35240F2}.Debug|Win32.ActiveCfg = Debug|Win32
		{EBDFB2F7-A6C9-46D9-A1C9-93A7A35240F2}.Debug|Win32.Build.0 = Debug|Win32
		{EBDFB2F7-A6C9-46D9-A1C9-93A7A35240F2}.Debug|x86.ActiveCfg = Debug|Win32
		{EBDFB2F7-A6C9-46D9-A1C9-93A7A35240F2}.Debug|x86.Build.0 = Debug|Win32
		{EBDFB2F7-A6C9-46D9-A1C9-93A7A35240F2}.Release|Any CPU.ActiveCfg = Release|Win32
		{EBDFB2F7-A6C9-46D9-A1C9-93A7A35240F2}.Release|ARM.ActiveCfg = Release|ARM
		{EBDFB2F7-A6C9-46D9-A1C9-93A7A35240F2}.Release|ARM.Build.0 = Release|ARM
		{EBDFB2F7-A6C9-46D9-A1C9-93A7A35240F2}.Release|Mixed Platforms.ActiveCfg = Release|Win32
		{EBDFB2F7-A6C9-46D9-A1C9-93A7A35240F2}.Release|Mixed Platforms.Build.0 = Release|Win32
		{EBDFB2F7-A6C9-46D9-A1C9-93A7A35240F2}.Release|Win32.ActiveCfg = Release|Win32
		{EBDFB2F7-A6C9-46D9-A1C9-93A7A35240F2}.Release|Win32.Build.0 = Release|Win32
		{EBDFB2F7-A6C9-46D9-A1C9-93A7A35240F2}.Release|x86.ActiveCfg = Release|Win32
		{EBDFB2F7-A6C9-46D9-A1C9-93A7A35240F2}.Release|x86.Build.0 = Release|Win32
		{D0ADD46C-58EE-41AF-8E62-BAB080D7CE21}.Debug|Any CPU.ActiveCfg = Debug|Win32
		{D0ADD46C-58EE-41AF-8E62-BAB080D7CE21}.Debug|ARM.ActiveCfg = Debug|Win32
		{D0ADD46C-58EE-41AF-8E62-BAB080D7CE21}.Debug|ARM.Build.0 = Debug|Win32
		{D0ADD46C-58EE-41AF-8E62-BAB080D7CE21}.Debug|Mixed Platforms.ActiveCfg = Debug|Win32
		{D0ADD46C-58EE-41AF-8E62-BAB080D7CE21}.Debug|Mixed Platforms.Build.0 = Debug|Win32
		{D0ADD46C-58EE-41AF-8E62-BAB080D7CE21}.Debug|Win32.ActiveCfg = Debug|Win32
		{D0ADD46C-58EE-41AF-8E62-BAB080D7CE21}.Debug|Win32.Build.0 = Debug|Win32
		{D0ADD46C-58EE-41AF-8E62-BAB080D7CE21}.Debug|x86.ActiveCfg = Debug|Win32
		{D0ADD46C-58EE-41AF-8E62-BAB080D7CE21}.Debug|x86.Build.0 = Debug|Win32
		{D0ADD46C-58EE-41AF-8E62-BAB080D7CE21}.Release|Any CPU.ActiveCfg = Release|Win32
		{D0ADD46C-58EE-41AF-8E62-BAB080D7CE21}.Release|ARM.ActiveCfg = Release|Win32
		{D0ADD46C-58EE-41AF-8E62-BAB080D7CE21}.Release|ARM.Build.0 = Release|Win32
		{D0ADD46C-58EE-41AF-8E62-BAB080D7CE21}.Release|Mixed Platforms.ActiveCfg = Release|Win32
		{D0ADD46C-58EE-41AF-8E62-BAB080D7CE21}.Release|Mixed Platforms.Build.0 = Release|Win32
		{D0ADD46C-58EE-41AF-8E62-BAB080D7CE21}.Release|Win32.ActiveCfg = Release|Win32
		{D0ADD46C-58EE-41AF-8E62-BAB080D7CE21}.Release|Win32.Build.0 = Release|Win32
		{D0ADD46C-58EE-41AF-8E62-BAB080D7CE21}.Release|x86.ActiveCfg = Release|Win32
		{D0ADD46C-58EE-41AF-8E62-BAB080D7CE21}.Release|x86.Build.0 = Release|Win32
		{50977859-079E-4375-9B3F-BD598E6F7463}.Debug|Any CPU.ActiveCfg = Debug|Win32
		{50977859-079E-4375-9B3F-BD598E6F7463}.Debug|ARM.ActiveCfg = Debug|Win32
		{50977859-079E-4375-9B3F-BD598E6F7463}.Debug|ARM.Build.0 = Debug|Win32
		{50977859-079E-4375-9B3F-BD598E6F7463}.Debug|Mixed Platforms.ActiveCfg = Debug|Win32
		{50977859-079E-4375-9B3F-BD598E6F7463}.Debug|Mixed Platforms.Build.0 = Debug|Win32
		{50977859-079E-4375-9B3F-BD598E6F7463}.Debug|Win32.ActiveCfg = Debug|Win32
		{50977859-079E-4375-9B3F-BD598E6F7463}.Debug|Win32.Build.0 = Debug|Win32
		{50977859-079E-4375-9B3F-BD598E6F7463}.Debug|x86.ActiveCfg = Debug|Win32
		{50977859-079E-4375-9B3F-BD598E6F7463}.Debug|x86.Build.0 = Debug|Win32
		{50977859-079E-4375-9B3F-BD598E6F7463}.Release|Any CPU.ActiveCfg = Release|Win32
		{50977859-079E-4375-9B3F-BD598E6F7463}.Release|ARM.ActiveCfg = Release|Win32
		{50977859-079E-4375-9B3F-BD598E6F7463}.Release|ARM.Build.0 = Release|Win32
		{50977859-079E-4375-9B3F-BD598E6F7463}.Release|Mixed Platforms.ActiveCfg = Release|Win32
		{50977859-079E-4375-9B3F-BD598E6F7463}.Release|Mixed Platforms.Build.0 = Release|Win32
		{50977859-079E-4375-9B3F-BD598E6F7463}.Release|Win32.ActiveCfg = Release|Win32
		{50977859-079E-4375-9B3F-BD598E6F7463}.Release|Win32.Build.0 = Release|Win32
		{50977859-079E-4375-9B3F-BD598E6F7463}.Release|x86.ActiveCfg = Release|Win32
		{50977859-079E-4375-9B3F-BD598E6F7463}.Release|x86.Build.0 = Release|Win32
		{511AE85E-6A1E-4830-BEF1-F695B2855B47}.Debug|Any CPU.ActiveCfg = Debug|Win32
		{511AE85E-6A1E-4830-BEF1-F695B2855B47}.Debug|ARM.ActiveCfg = Debug|Win32
		{511AE85E-6A1E-4830-BEF1-F695B2855B47}.Debug|ARM.Build.0 = Debug|Win32
		{511AE85E-6A1E-4830-BEF1-F695B2855B47}.Debug|Mixed Platforms.ActiveCfg = Debug|Win32
		{511AE85E-6A1E-4830-BEF1-F695B2855B47}.Debug|Mixed Platforms.Build.0 = Debug|Win32
		{511AE85E-6A1E-4830-BEF1-F695B2855B47}.Debug|Win32.ActiveCfg = Debug|Win32
		{511AE85E-6A1E-4830-BEF1-F695B2855B47}.Debug|Win32.Build.0 = Debug|Win32
		{511AE85E-6A1E-4830-BEF1-F695B2855B47}.Debug|x86.ActiveCfg = Debug|Win32
		{511AE85E-6A1E-4830-BEF1-F695B2855B47}.Debug|x86.Build.0 = Debug|Win32
		{511AE85E-6A1E-4830-BEF1-F695B2855B47}.Release|Any CPU.ActiveCfg = Release|Win32
		{511AE85E-6A1E-4830-BEF1-F695B2855B47}.Release|ARM.ActiveCfg = Release|Win32
		{511AE85E-6A1E-4830-BEF1-F695B2855B47}.Release|ARM.Build.0 = Release|Win32
		{511AE85E-6A1E-4830-BEF1-F695B2855B47}.Release|Mixed Platforms.ActiveCfg = Release|Win32
		{511AE85E-6A1E-4830-BEF1-F695B2855B47}.Release|Mixed Platforms.Build.0 = Release|Win32
		{511AE85E-6A1E-4830-BEF1-F695B2855B47}.Release|Win32.ActiveCfg = Release|Win32
		{511AE85E-6A1E-4830-BEF1-F695B2855B47}.Release|Win32.Build.0 = Release|Win32
		{511AE85E-6A1E-4830-BEF1-F695B2855B47}.Release|x86.ActiveCfg = Release|Win32
		{511AE85E-6A1E-4830-BEF1-F695B2855B47}.Release|x86.Build.0 = Release|Win32
		{F289EA72-8695-4399-8D5A-254F6D867A98}.Debug|Any CPU.ActiveCfg = Debug|Win32
		{F289EA72-8695-4399-8D5A-254F6D867A98}.Debug|ARM.ActiveCfg = Debug|ARM
		{F289EA72-8695-4399-8D5A-254F6D867A98}.Debug|ARM.Build.0 = Debug|ARM
		{F289EA72-8695-4399-8D5A-254F6D867A98}.Debug|Mixed Platforms.ActiveCfg = Debug|Win32
		{F289EA72-8695-4399-8D5A-254F6D867A98}.Debug|Mixed Platforms.Build.0 = Debug|Win32
		{F289EA72-8695-4399-8D5A-254F6D867A98}.Debug|Win32.ActiveCfg = Debug|Win32
		{F289EA72-8695-4399-8D5A-254F6D867A98}.Debug|Win32.Build.0 = Debug|Win32
		{F289EA72-8695-4399-8D5A-254F6D867A98}.Debug|x86.ActiveCfg = Debug|Win32
		{F289EA72-8695-4399-8D5A-254F6D867A98}.Debug|x86.Build.0 = Debug|Win32
		{F289EA72-8695-4399-8D5A-254F6D867A98}.Release|Any CPU.ActiveCfg = Release|Win32
		{F289EA72-8695-4399-8D5A-254F6D867A98}.Release|ARM.ActiveCfg = Release|ARM
		{F289EA72-8695-4399-8D5A-254F6D867A98}.Release|ARM.Build.0 = Release|ARM
		{F289EA72-8695-4399-8D5A-254F6D867A98}.Release|Mixed Platforms.ActiveCfg = Release|Win32
		{F289EA72-8695-4399-8D5A-254F6D867A98}.Release|Mixed Platforms.Build.0 = Release|Win32
		{F289EA72-8695-4399-8D5A-254F6D867A98}.Release|Win32.ActiveCfg = Release|Win32
		{F289EA72-8695-4399-8D5A-254F6D867A98}.Release|Win32.Build.0 = Release|Win32
		{F289EA72-8695-4399-8D5A-254F6D867A98}.Release|x86.ActiveCfg = Release|Win32
		{F289EA72-8695-4399-8D5A-254F6D867A98}.Release|x86.Build.0 = Release|Win32
		{D0D79C4A-1221-4765-BAB7-FE69E3D3982E}.Debug|Any CPU.ActiveCfg = Debug|Win32
		{D0D79C4A-1221-4765-BAB7-FE69E3D3982E}.Debug|ARM.ActiveCfg = Debug|ARM
		{D0D79C4A-1221-4765-BAB7-FE69E3D3982E}.Debug|ARM.Build.0 = Debug|ARM
		{D0D79C4A-1221-4765-BAB7-FE69E3D3982E}.Debug|Mixed Platforms.ActiveCfg = Debug|Win32
		{D0D79C4A-1221-4765-BAB7-FE69E3D3982E}.Debug|Mixed Platforms.Build.0 = Debug|Win32
		{D0D79C4A-1221-4765-BAB7-FE69E3D3982E}.Debug|Win32.ActiveCfg = Debug|Win32
		{D0D79C4A-1221-4765-BAB7-FE69E3D3982E}.Debug|Win32.Build.0 = Debug|Win32
		{D0D79C4A-1221-4765-BAB7-FE69E3D3982E}.Debug|x86.ActiveCfg = Debug|Win32
		{D0D79C4A-1221-4765-BAB7-FE69E3D3982E}.Debug|x86.Build.0 = Debug|Win32
		{D0D79C4A-1221-4765-BAB7-FE69E3D3982E}.Release|Any CPU.ActiveCfg = Release|Win32
		{D0D79C4A-1221-4765-BAB7-FE69E3D3982E}.Release|ARM.ActiveCfg = Release|ARM
		{D0D79C4A-1221-4765-BAB7-FE69E3D3982E}.Release|ARM.Build.0 = Release|ARM
		{D0D79C4A-1221-4765-BAB7-FE69E3D3982E}.Release|Mixed Platforms.ActiveCfg = Release|Win32
		{D0D79C4A-1221-4765-BAB7-FE69E3D3982E}.Release|Mixed Platforms.Build.0 = Release|Win32
		{D0D79C4A-1221-4765-BAB7-FE69E3D3982E}.Release|Win32.ActiveCfg = Release|Win32
		{D0D79C4A-1221-4765-BAB7-FE69E3D3982E}.Release|Win32.Build.0 = Release|Win32
		{D0D79C4A-1221-4765-BAB7-FE69E3D3982E}.Release|x86.ActiveCfg = Release|Win32
		{D0D79C4A-1221-4765-BAB7-FE69E3D3982E}.Release|x86.Build.0 = Release|Win32
		{0F70B0CB-DA0E-4451-B67B-2849D90AB710}.Debug|Any CPU.ActiveCfg = Debug|Win32
		{0F70B0CB-DA0E-4451-B67B-2849D90AB710}.Debug|ARM.ActiveCfg = Debug|ARM
		{0F70B0CB-DA0E-4451-B67B-2849D90AB710}.Debug|ARM.Build.0 = Debug|ARM
		{0F70B0CB-DA0E-4451-B67B-2849D90AB710}.Debug|Mixed Platforms.ActiveCfg = Debug|Win32
		{0F70B0CB-DA0E-4451-B67B-2849D90AB710}.Debug|Mixed Platforms.Build.0 = Debug|Win32
		{0F70B0CB-DA0E-4451-B67B-2849D90AB710}.Debug|Win32.ActiveCfg = Debug|Win32
		{0F70B0CB-DA0E-4451-B67B-2849D90AB710}.Debug|Win32.Build.0 = Debug|Win32
		{0F70B0CB-DA0E-4451-B67B-2849D90AB710}.Debug|x86.ActiveCfg = Debug|Win32
		{0F70B0CB-DA0E-4451-B67B-2849D90AB710}.Debug|x86.Build.0 = Debug|Win32
		{0F70B0CB-DA0E-4451-B67B-2849D90AB710}.Release|Any CPU.ActiveCfg = Release|Win32
		{0F70B0CB-DA0E-4451-B67B-2849D90AB710}.Release|ARM.ActiveCfg = Release|ARM
		{0F70B0CB-DA0E-4451-B67B-2849D90AB710}.Release|ARM.Build.0 = Release|ARM
		{0F70B0CB-DA0E-4451-B67B-2849D90AB710}.Release|Mixed Platforms.ActiveCfg = Release|Win32
		{0F70B0CB-DA0E-4451-B67B-2849D90AB710}.Release|Mixed Platforms.Build.0 = Release|Win32
		{0F70B0CB-DA0E-4451-B67B-2849D90AB710}.Release|Win32.ActiveCfg = Release|Win32
		{0F70B0CB-DA0E-4451-B67B-2849D90AB710}.Release|Win32.Build.0 = Release|Win32
		{0F70B0CB-DA0E-4451-B67B-2849D90AB710}.Release|x86.ActiveCfg = Release|Win32
		{0F70B0CB-DA0E-4451-B67B-2849D90AB710}.Release|x86.Build.0 = Release|Win32
		{A49F45C7-3AED-44A2-BDE1-D6D0CB991790}.Debug|Any CPU.ActiveCfg = Debug|Win32
		{A49F45C7-3AED-44A2-BDE1-D6D0CB991790}.Debug|ARM.ActiveCfg = Debug|ARM
		{A49F45C7-3AED-44A2-BDE1-D6D0CB991790}.Debug|ARM.Build.0 = Debug|ARM
		{A49F45C7-3AED-44A2-BDE1-D6D0CB991790}.Debug|Mixed Platforms.ActiveCfg = Debug|Win32
		{A49F45C7-3AED-44A2-BDE1-D6D0CB991790}.Debug|Mixed Platforms.Build.0 = Debug|Win32
		{A49F45C7-3AED-44A2-BDE1-D6D0CB991790}.Debug|Win32.ActiveCfg = Debug|Win32
		{A49F45C7-3AED-44A2-BDE1-D6D0CB991790}.Debug|Win32.Build.0 = Debug|Win32
		{A49F45C7-3AED-44A2-BDE1-D6D0CB991790}.Debug|x86.ActiveCfg = Debug|Win32
		{A49F45C7-3AED-44A2-BDE1-D6D0CB991790}.Debug|x86.Build.0 = Debug|Win32
		{A49F45C7-3AED-44A2-BDE1-D6D0CB991790}.Release|Any CPU.ActiveCfg = Release|Win32
		{A49F45C7-3AED-44A2-BDE1-D6D0CB991790}.Release|ARM.ActiveCfg = Release|ARM
		{A49F45C7-3AED-44A2-BDE1-D6D0CB991790}.Release|ARM.Build.0 = Release|ARM
		{A49F45C7-3AED-44A2-BDE1-D6D0CB991790}.Release|Mixed Platforms.ActiveCfg = Release|Win32
		{A49F45C7-3AED-44A2-BDE1-D6D0CB991790}.Release|Mixed Platforms.Build.0 = Release|Win32
		{A49F45C7-3AED-44A2-BDE1-D6D0CB991790}.Release|Win32.ActiveCfg = Release|Win32
		{A49F45C7-3AED-44A2-BDE1-D6D0CB991790}.Release|Win32.Build.0 = Release|Win32
		{A49F45C7-3AED-44A2-BDE1-D6D0CB991790}.Release|x86.ActiveCfg = Release|Win32
		{A49F45C7-3AED-44A2-BDE1-D6D0CB991790}.Release|x86.Build.0 = Release|Win32
		{049A444A-BCD8-4CBF-B6BF-B2D9B576283B}.Debug|Any CPU.ActiveCfg = Debug|Win32
		{049A444A-BCD8-4CBF-B6BF-B2D9B576283B}.Debug|ARM.ActiveCfg = Debug|ARM
		{049A444A-BCD8-4CBF-B6BF-B2D9B576283B}.Debug|ARM.Build.0 = Debug|ARM
		{049A444A-BCD8-4CBF-B6BF-B2D9B576283B}.Debug|Mixed Platforms.ActiveCfg = Debug|Win32
		{049A444A-BCD8-4CBF-B6BF-B2D9B576283B}.Debug|Mixed Platforms.Build.0 = Debug|Win32
		{049A444A-BCD8-4CBF-B6BF-B2D9B576283B}.Debug|Win32.ActiveCfg = Debug|Win32
		{049A444A-BCD8-4CBF-B6BF-B2D9B576283B}.Debug|Win32.Build.0 = Debug|Win32
		{049A444A-BCD8-4CBF-B6BF-B2D9B576283B}.Debug|x86.ActiveCfg = Debug|Win32
		{049A444A-BCD8-4CBF-B6BF-B2D9B576283B}.Debug|x86.Build.0 = Debug|Win32
		{049A444A-BCD8-4CBF-B6BF-B2D9B576283B}.Release|Any CPU.ActiveCfg = Release|Win32
		{049A444A-BCD8-4CBF-B6BF-B2D9B576283B}.Release|ARM.ActiveCfg = Release|ARM
		{049A444A-BCD8-4CBF-B6BF-B2D9B576283B}.Release|ARM.Build.0 = Release|ARM
		{049A444A-BCD8-4CBF-B6BF-B2D9B576283B}.Release|Mixed Platforms.ActiveCfg = Release|Win32
		{049A444A-BCD8-4CBF-B6BF-B2D9B576283B}.Release|Mixed Platforms.Build.0 = Release|Win32
		{049A444A-BCD8-4CBF-B6BF-B2D9B576283B}.Release|Win32.ActiveCfg = Release|Win32
		{049A444A-BCD8-4CBF-B6BF-B2D9B576283B}.Release|Win32.Build.0 = Release|Win32
		{049A444A-BCD8-4CBF-B6BF-B2D9B576283B}.Release|x86.ActiveCfg = Release|Win32
		{049A444A-BCD8-4CBF-B6BF-B2D9B576283B}.Release|x86.Build.0 = Release|Win32
		{1DF0457F-0F56-4051-B706-8D9562F48C44}.Debug|Any CPU.ActiveCfg = Debug|Win32
		{1DF0457F-0F56-4051-B706-8D9562F48C44}.Debug|ARM.ActiveCfg = Debug|ARM
		{1DF0457F-0F56-4051-B706-8D9562F48C44}.Debug|ARM.Build.0 = Debug|ARM
		{1DF0457F-0F56-4051-B706-8D9562F48C44}.Debug|Mixed Platforms.ActiveCfg = Debug|Win32
		{1DF0457F-0F56-4051-B706-8D9562F48C44}.Debug|Mixed Platforms.Build.0 = Debug|Win32
		{1DF0457F-0F56-4051-B706-8D9562F48C44}.Debug|Win32.ActiveCfg = Debug|Win32
		{1DF0457F-0F56-4051-B706-8D9562F48C44}.Debug|Win32.Build.0 = Debug|Win32
		{1DF0457F-0F56-4051-B706-8D9562F48C44}.Debug|x86.ActiveCfg = Debug|Win32
		{1DF0457F-0F56-4051-B706-8D9562F48C44}.Debug|x86.Build.0 = Debug|Win32
		{1DF0457F-0F56-4051-B706-8D9562F48C44}.Release|Any CPU.ActiveCfg = Release|Win32
		{1DF0457F-0F56-4051-B706-8D9562F48C44}.Release|ARM.ActiveCfg = Release|ARM
		{1DF0457F-0F56-4051-B706-8D9562F48C44}.Release|ARM.Build.0 = Release|ARM
		{1DF0457F-0F56-4051-B706-8D9562F48C44}.Release|Mixed Platforms.ActiveCfg = Release|Win32
		{1DF0457F-0F56-4051-B706-8D9562F48C44}.Release|Mixed Platforms.Build.0 = Release|Win32
		{1DF0457F-0F56-4051-B706-8D9562F48C44}.Release|Win32.ActiveCfg = Release|Win32
		{1DF0457F-0F56-4051-B706-8D9562F48C44}.Release|Win32.Build.0 = Release|Win32
		{1DF0457F-0F56-4051-B706-8D9562F48C44}.Release|x86.ActiveCfg = Release|Win32
		{1DF0457F-0F56-4051-B706-8D9562F48C44}.Release|x86.Build.0 = Release|Win32
		{FF5D1A03-D42F-4C96-BDDD-3DCF272A1BAB}.Debug|Any CPU.ActiveCfg = Debug|Any CPU
		{FF5D1A03-D42F-4C96-BDDD-3DCF272A1BAB}.Debug|Any CPU.Build.0 = Debug|Any CPU
		{FF5D1A03-D42F-4C96-BDDD-3DCF272A1BAB}.Debug|ARM.ActiveCfg = Debug|ARM
		{FF5D1A03-D42F-4C96-BDDD-3DCF272A1BAB}.Debug|ARM.Build.0 = Debug|ARM
		{FF5D1A03-D42F-4C96-BDDD-3DCF272A1BAB}.Debug|Mixed Platforms.ActiveCfg = Debug|x86
		{FF5D1A03-D42F-4C96-BDDD-3DCF272A1BAB}.Debug|Mixed Platforms.Build.0 = Debug|x86
		{FF5D1A03-D42F-4C96-BDDD-3DCF272A1BAB}.Debug|Win32.ActiveCfg = Debug|x86
		{FF5D1A03-D42F-4C96-BDDD-3DCF272A1BAB}.Debug|Win32.Build.0 = Debug|x86
		{FF5D1A03-D42F-4C96-BDDD-3DCF272A1BAB}.Debug|x86.ActiveCfg = Debug|x86
		{FF5D1A03-D42F-4C96-BDDD-3DCF272A1BAB}.Debug|x86.Build.0 = Debug|x86
		{FF5D1A03-D42F-4C96-BDDD-3DCF272A1BAB}.Release|Any CPU.ActiveCfg = Release|Any CPU
		{FF5D1A03-D42F-4C96-BDDD-3DCF272A1BAB}.Release|Any CPU.Build.0 = Release|Any CPU
		{FF5D1A03-D42F-4C96-BDDD-3DCF272A1BAB}.Release|ARM.ActiveCfg = Release|ARM
		{FF5D1A03-D42F-4C96-BDDD-3DCF272A1BAB}.Release|ARM.Build.0 = Release|ARM
		{FF5D1A03-D42F-4C96-BDDD-3DCF272A1BAB}.Release|Mixed Platforms.ActiveCfg = Release|x86
		{FF5D1A03-D42F-4C96-BDDD-3DCF272A1BAB}.Release|Mixed Platforms.Build.0 = Release|x86
		{FF5D1A03-D42F-4C96-BDDD-3DCF272A1BAB}.Release|Win32.ActiveCfg = Release|x86
		{FF5D1A03-D42F-4C96-BDDD-3DCF272A1BAB}.Release|Win32.Build.0 = Release|x86
		{FF5D1A03-D42F-4C96-BDDD-3DCF272A1BAB}.Release|x86.ActiveCfg = Release|x86
		{FF5D1A03-D42F-4C96-BDDD-3DCF272A1BAB}.Release|x86.Build.0 = Release|x86
		{7D790153-1892-4007-8FA5-E3B57CF1F7E2}.Debug|Any CPU.ActiveCfg = Debug|Win32
		{7D790153-1892-4007-8FA5-E3B57CF1F7E2}.Debug|ARM.ActiveCfg = Debug|Win32
		{7D790153-1892-4007-8FA5-E3B57CF1F7E2}.Debug|ARM.Build.0 = Debug|Win32
		{7D790153-1892-4007-8FA5-E3B57CF1F7E2}.Debug|Mixed Platforms.ActiveCfg = Debug|Win32
		{7D790153-1892-4007-8FA5-E3B57CF1F7E2}.Debug|Mixed Platforms.Build.0 = Debug|Win32
		{7D790153-1892-4007-8FA5-E3B57CF1F7E2}.Debug|Win32.ActiveCfg = Debug|Win32
		{7D790153-1892-4007-8FA5-E3B57CF1F7E2}.Debug|Win32.Build.0 = Debug|Win32
		{7D790153-1892-4007-8FA5-E3B57CF1F7E2}.Debug|x86.ActiveCfg = Debug|Win32
		{7D790153-1892-4007-8FA5-E3B57CF1F7E2}.Debug|x86.Build.0 = Debug|Win32
		{7D790153-1892-4007-8FA5-E3B57CF1F7E2}.Release|Any CPU.ActiveCfg = Release|Win32
		{7D790153-1892-4007-8FA5-E3B57CF1F7E2}.Release|ARM.ActiveCfg = Release|Win32
		{7D790153-1892-4007-8FA5-E3B57CF1F7E2}.Release|ARM.Build.0 = Release|Win32
		{7D790153-1892-4007-8FA5-E3B57CF1F7E2}.Release|Mixed Platforms.ActiveCfg = Release|Win32
		{7D790153-1892-4007-8FA5-E3B57CF1F7E2}.Release|Mixed Platforms.Build.0 = Release|Win32
		{7D790153-1892-4007-8FA5-E3B57CF1F7E2}.Release|Win32.ActiveCfg = Release|Win32
		{7D790153-1892-4007-8FA5-E3B57CF1F7E2}.Release|Win32.Build.0 = Release|Win32
		{7D790153-1892-4007-8FA5-E3B57CF1F7E2}.Release|x86.ActiveCfg = Release|Win32
		{7D790153-1892-4007-8FA5-E3B57CF1F7E2}.Release|x86.Build.0 = Release|Win32
		{9542A963-6DC2-4636-8FE6-F296158C458D}.Debug|Any CPU.ActiveCfg = Debug|Win32
		{9542A963-6DC2-4636-8FE6-F296158C458D}.Debug|ARM.ActiveCfg = Debug|ARM
		{9542A963-6DC2-4636-8FE6-F296158C458D}.Debug|ARM.Build.0 = Debug|ARM
		{9542A963-6DC2-4636-8FE6-F296158C458D}.Debug|Mixed Platforms.ActiveCfg = Debug|Win32
		{9542A963-6DC2-4636-8FE6-F296158C458D}.Debug|Mixed Platforms.Build.0 = Debug|Win32
		{9542A963-6DC2-4636-8FE6-F296158C458D}.Debug|Win32.ActiveCfg = Debug|Win32
		{9542A963-6DC2-4636-8FE6-F296158C458D}.Debug|Win32.Build.0 = Debug|Win32
		{9542A963-6DC2-4636-8FE6-F296158C458D}.Debug|x86.ActiveCfg = Debug|Win32
		{9542A963-6DC2-4636-8FE6-F296158C458D}.Debug|x86.Build.0 = Debug|Win32
		{9542A963-6DC2-4636-8FE6-F296158C458D}.Release|Any CPU.ActiveCfg = Release|Win32
		{9542A963-6DC2-4636-8FE6-F296158C458D}.Release|ARM.ActiveCfg = Release|ARM
		{9542A963-6DC2-4636-8FE6-F296158C458D}.Release|ARM.Build.0 = Release|ARM
		{9542A963-6DC2-4636-8FE6-F296158C458D}.Release|Mixed Platforms.ActiveCfg = Release|Win32
		{9542A963-6DC2-4636-8FE6-F296158C458D}.Release|Mixed Platforms.Build.0 = Release|Win32
		{9542A963-6DC2-4636-8FE6-F296158C458D}.Release|Win32.ActiveCfg = Release|Win32
		{9542A963-6DC2-4636-8FE6-F296158C458D}.Release|Win32.Build.0 = Release|Win32
		{9542A963-6DC2-4636-8FE6-F296158C458D}.Release|x86.ActiveCfg = Release|Win32
		{9542A963-6DC2-4636-8FE6-F296158C458D}.Release|x86.Build.0 = Release|Win32
		{30AE6557-8E40-42BA-8E3E-343166A3BDBD}.Debug|Any CPU.ActiveCfg = Debug|Win32
		{30AE6557-8E40-42BA-8E3E-343166A3BDBD}.Debug|ARM.ActiveCfg = Debug|ARM
		{30AE6557-8E40-42BA-8E3E-343166A3BDBD}.Debug|ARM.Build.0 = Debug|ARM
		{30AE6557-8E40-42BA-8E3E-343166A3BDBD}.Debug|Mixed Platforms.ActiveCfg = Debug|Win32
		{30AE6557-8E40-42BA-8E3E-343166A3BDBD}.Debug|Mixed Platforms.Build.0 = Debug|Win32
		{30AE6557-8E40-42BA-8E3E-343166A3BDBD}.Debug|Win32.ActiveCfg = Debug|Win32
		{30AE6557-8E40-42BA-8E3E-343166A3BDBD}.Debug|Win32.Build.0 = Debug|Win32
		{30AE6557-8E40-42BA-8E3E-343166A3BDBD}.Debug|x86.ActiveCfg = Debug|Win32
		{30AE6557-8E40-42BA-8E3E-343166A3BDBD}.Debug|x86.Build.0 = Debug|Win32
		{30AE6557-8E40-42BA-8E3E-343166A3BDBD}.Release|Any CPU.ActiveCfg = Release|Win32
		{30AE6557-8E40-42BA-8E3E-343166A3BDBD}.Release|ARM.ActiveCfg = Release|ARM
		{30AE6557-8E40-42BA-8E3E-343166A3BDBD}.Release|ARM.Build.0 = Release|ARM
		{30AE6557-8E40-42BA-8E3E-343166A3BDBD}.Release|Mixed Platforms.ActiveCfg = Release|Win32
		{30AE6557-8E40-42BA-8E3E-343166A3BDBD}.Release|Mixed Platforms.Build.0 = Release|Win32
		{30AE6557-8E40-42BA-8E3E-343166A3BDBD}.Release|Win32.ActiveCfg = Release|Win32
		{30AE6557-8E40-42BA-8E3E-343166A3BDBD}.Release|Win32.Build.0 = Release|Win32
		{30AE6557-8E40-42BA-8E3E-343166A3BDBD}.Release|x86.ActiveCfg = Release|Win32
		{30AE6557-8E40-42BA-8E3E-343166A3BDBD}.Release|x86.Build.0 = Release|Win32
		{1BDE6295-04DD-4FEB-9F6B-C9161EB57582}.Debug|Any CPU.ActiveCfg = Debug|Win32
		{1BDE6295-04DD-4FEB-9F6B-C9161EB57582}.Debug|ARM.ActiveCfg = Debug|ARM
		{1BDE6295-04DD-4FEB-9F6B-C9161EB57582}.Debug|ARM.Build.0 = Debug|ARM
		{1BDE6295-04DD-4FEB-9F6B-C9161EB57582}.Debug|Mixed Platforms.ActiveCfg = Debug|Win32
		{1BDE6295-04DD-4FEB-9F6B-C9161EB57582}.Debug|Mixed Platforms.Build.0 = Debug|Win32
		{1BDE6295-04DD-4FEB-9F6B-C9161EB57582}.Debug|Win32.ActiveCfg = Debug|Win32
		{1BDE6295-04DD-4FEB-9F6B-C9161EB57582}.Debug|Win32.Build.0 = Debug|Win32
		{1BDE6295-04DD-4FEB-9F6B-C9161EB57582}.Debug|x86.ActiveCfg = Debug|Win32
		{1BDE6295-04DD-4FEB-9F6B-C9161EB57582}.Debug|x86.Build.0 = Debug|Win32
		{1BDE6295-04DD-4FEB-9F6B-C9161EB57582}.Release|Any CPU.ActiveCfg = Release|Win32
		{1BDE6295-04DD-4FEB-9F6B-C9161EB57582}.Release|ARM.ActiveCfg = Release|ARM
		{1BDE6295-04DD-4FEB-9F6B-C9161EB57582}.Release|ARM.Build.0 = Release|ARM
		{1BDE6295-04DD-4FEB-9F6B-C9161EB57582}.Release|Mixed Platforms.ActiveCfg = Release|Win32
		{1BDE6295-04DD-4FEB-9F6B-C9161EB57582}.Release|Mixed Platforms.Build.0 = Release|Win32
		{1BDE6295-04DD-4FEB-9F6B-C9161EB57582}.Release|Win32.ActiveCfg = Release|Win32
		{1BDE6295-04DD-4FEB-9F6B-C9161EB57582}.Release|Win32.Build.0 = Release|Win32
		{1BDE6295-04DD-4FEB-9F6B-C9161EB57582}.Release|x86.ActiveCfg = Release|Win32
		{1BDE6295-04DD-4FEB-9F6B-C9161EB57582}.Release|x86.Build.0 = Release|Win32
		{714B4E82-174E-488B-A702-DEB540E0A733}.Debug|Any CPU.ActiveCfg = Debug|Win32
		{714B4E82-174E-488B-A702-DEB540E0A733}.Debug|ARM.ActiveCfg = Debug|ARM
		{714B4E82-174E-488B-A702-DEB540E0A733}.Debug|ARM.Build.0 = Debug|ARM
		{714B4E82-174E-488B-A702-DEB540E0A733}.Debug|Mixed Platforms.ActiveCfg = Debug|Win32
		{714B4E82-174E-488B-A702-DEB540E0A733}.Debug|Mixed Platforms.Build.0 = Debug|Win32
		{714B4E82-174E-488B-A702-DEB540E0A733}.Debug|Win32.ActiveCfg = Debug|Win32
		{714B4E82-174E-488B-A702-DEB540E0A733}.Debug|Win32.Build.0 = Debug|Win32
		{714B4E82-174E-488B-A702-DEB540E0A733}.Debug|x86.ActiveCfg = Debug|Win32
		{714B4E82-174E-488B-A702-DEB540E0A733}.Debug|x86.Build.0 = Debug|Win32
		{714B4E82-174E-488B-A702-DEB540E0A733}.Release|Any CPU.ActiveCfg = Release|Win32
		{714B4E82-174E-488B-A702-DEB540E0A733}.Release|ARM.ActiveCfg = Release|ARM
		{714B4E82-174E-488B-A702-DEB540E0A733}.Release|ARM.Build.0 = Release|ARM
		{714B4E82-174E-488B-A702-DEB540E0A733}.Release|Mixed Platforms.ActiveCfg = Release|Win32
		{714B4E82-174E-488B-A702-DEB540E0A733}.Release|Mixed Platforms.Build.0 = Release|Win32
		{714B4E82-174E-488B-A702-DEB540E0A733}.Release|Win32.ActiveCfg = Release|Win32
		{714B4E82-174E-488B-A702-DEB540E0A733}.Release|Win32.Build.0 = Release|Win32
		{714B4E82-174E-488B-A702-DEB540E0A733}.Release|x86.ActiveCfg = Release|Win32
		{714B4E82-174E-488B-A702-DEB540E0A733}.Release|x86.Build.0 = Release|Win32
		{EB996457-0834-4D9A-A5B7-1C79B812BED0}.Debug|Any CPU.ActiveCfg = Debug|Any CPU
		{EB996457-0834-4D9A-A5B7-1C79B812BED0}.Debug|Any CPU.Build.0 = Debug|Any CPU
		{EB996457-0834-4D9A-A5B7-1C79B812BED0}.Debug|ARM.ActiveCfg = Debug|ARM
		{EB996457-0834-4D9A-A5B7-1C79B812BED0}.Debug|ARM.Build.0 = Debug|ARM
		{EB996457-0834-4D9A-A5B7-1C79B812BED0}.Debug|Mixed Platforms.ActiveCfg = Debug|x86
		{EB996457-0834-4D9A-A5B7-1C79B812BED0}.Debug|Mixed Platforms.Build.0 = Debug|x86
		{EB996457-0834-4D9A-A5B7-1C79B812BED0}.Debug|Win32.ActiveCfg = Debug|x86
		{EB996457-0834-4D9A-A5B7-1C79B812BED0}.Debug|Win32.Build.0 = Debug|x86
		{EB996457-0834-4D9A-A5B7-1C79B812BED0}.Debug|x86.ActiveCfg = Debug|x86
		{EB996457-0834-4D9A-A5B7-1C79B812BED0}.Debug|x86.Build.0 = Debug|x86
		{EB996457-0834-4D9A-A5B7-1C79B812BED0}.Release|Any CPU.ActiveCfg = Release|Any CPU
		{EB996457-0834-4D9A-A5B7-1C79B812BED0}.Release|Any CPU.Build.0 = Release|Any CPU
		{EB996457-0834-4D9A-A5B7-1C79B812BED0}.Release|ARM.ActiveCfg = Release|ARM
		{EB996457-0834-4D9A-A5B7-1C79B812BED0}.Release|ARM.Build.0 = Release|ARM
		{EB996457-0834-4D9A-A5B7-1C79B812BED0}.Release|Mixed Platforms.ActiveCfg = Release|x86
		{EB996457-0834-4D9A-A5B7-1C79B812BED0}.Release|Mixed Platforms.Build.0 = Release|x86
		{EB996457-0834-4D9A-A5B7-1C79B812BED0}.Release|Win32.ActiveCfg = Release|x86
		{EB996457-0834-4D9A-A5B7-1C79B812BED0}.Release|Win32.Build.0 = Release|x86
		{EB996457-0834-4D9A-A5B7-1C79B812BED0}.Release|x86.ActiveCfg = Release|x86
		{EB996457-0834-4D9A-A5B7-1C79B812BED0}.Release|x86.Build.0 = Release|x86
		{1E75F7E7-0930-4B06-9C44-8D1221E9E956}.Debug|Any CPU.ActiveCfg = Debug|Win32
		{1E75F7E7-0930-4B06-9C44-8D1221E9E956}.Debug|ARM.ActiveCfg = Debug|ARM
		{1E75F7E7-0930-4B06-9C44-8D1221E9E956}.Debug|ARM.Build.0 = Debug|ARM
		{1E75F7E7-0930-4B06-9C44-8D1221E9E956}.Debug|Mixed Platforms.ActiveCfg = Debug|Win32
		{1E75F7E7-0930-4B06-9C44-8D1221E9E956}.Debug|Mixed Platforms.Build.0 = Debug|Win32
		{1E75F7E7-0930-4B06-9C44-8D1221E9E956}.Debug|Win32.ActiveCfg = Debug|Win32
		{1E75F7E7-0930-4B06-9C44-8D1221E9E956}.Debug|Win32.Build.0 = Debug|Win32
		{1E75F7E7-0930-4B06-9C44-8D1221E9E956}.Debug|x86.ActiveCfg = Debug|Win32
		{1E75F7E7-0930-4B06-9C44-8D1221E9E956}.Debug|x86.Build.0 = Debug|Win32
		{1E75F7E7-0930-4B06-9C44-8D1221E9E956}.Release|Any CPU.ActiveCfg = Release|Win32
		{1E75F7E7-0930-4B06-9C44-8D1221E9E956}.Release|ARM.ActiveCfg = Release|ARM
		{1E75F7E7-0930-4B06-9C44-8D1221E9E956}.Release|ARM.Build.0 = Release|ARM
		{1E75F7E7-0930-4B06-9C44-8D1221E9E956}.Release|Mixed Platforms.ActiveCfg = Release|Win32
		{1E75F7E7-0930-4B06-9C44-8D1221E9E956}.Release|Mixed Platforms.Build.0 = Release|Win32
		{1E75F7E7-0930-4B06-9C44-8D1221E9E956}.Release|Win32.ActiveCfg = Release|Win32
		{1E75F7E7-0930-4B06-9C44-8D1221E9E956}.Release|Win32.Build.0 = Release|Win32
		{1E75F7E7-0930-4B06-9C44-8D1221E9E956}.Release|x86.ActiveCfg = Release|Win32
		{1E75F7E7-0930-4B06-9C44-8D1221E9E956}.Release|x86.Build.0 = Release|Win32
	EndGlobalSection
	GlobalSection(SolutionProperties) = preSolution
		HideSolutionNode = FALSE
	EndGlobalSection
EndGlobal
